
Microsoft Visual Studio Solution File, Format Version 12.00
# Visual Studio 15
VisualStudioVersion = 15.0.28307.106
MinimumVisualStudioVersion = 10.0.40219.1
Project("{FAE04EC0-301F-11D3-BF4B-00C04F79EFBC}") = "FinalProj", "FinalProj\FinalProj.csproj", "{DEF3269C-B8B9-4A83-A17D-D30E086A0958}"
EndProject
Global
	GlobalSection(SolutionConfigurationPlatforms) = preSolution
		Debug|Any CPU = Debug|Any CPU
		Release|Any CPU = Release|Any CPU
	EndGlobalSection
	GlobalSection(ProjectConfigurationPlatforms) = postSolution
		{DEF3269C-B8B9-4A83-A17D-D30E086A0958}.Debug|Any CPU.ActiveCfg = Debug|Any CPU
		{DEF3269C-B8B9-4A83-A17D-D30E086A0958}.Debug|Any CPU.Build.0 = Debug|Any CPU
		{DEF3269C-B8B9-4A83-A17D-D30E086A0958}.Release|Any CPU.ActiveCfg = Release|Any CPU
		{DEF3269C-B8B9-4A83-A17D-D30E086A0958}.Release|Any CPU.Build.0 = Release|Any CPU
	EndGlobalSection
	GlobalSection(SolutionProperties) = preSolution
		HideSolutionNode = FALSE
	EndGlobalSection
	GlobalSection(ExtensibilityGlobals) = postSolution
		SolutionGuid = {5314530C-5484-400C-B5C8-61FD0BD2500D}
	EndGlobalSection
EndGlobal
